{
  "originHash" : "ff5bc7dce6985641669eb547d3cabbde8eea34ab0eb54354d5605998a5ee9497",
  "pins" : [
    {
      "identity" : "litertlm-swift",
      "kind" : "remoteSourceControl",
      "location" : "https://github.com/mylovelycodes/LiteRTLM-Swift",
      "state" : {
        "branch" : "main",
        "revision" : "0e63b19c21ba562d6824fbfc409fba0916acea18"
      }
    }
  ],
  "version" : 3
}
