// !$*UTF8*$!
{
	archiveVersion = 1;
	classes = {
	};
	objectVersion = 56;
	objects = {

/* Begin PBXBuildFile section */
		1A0000010000000000000001 /* QuizLoopApp.swift in Sources */ = {isa = PBXBuildFile; fileRef = 1A0000010000000000001001 /* QuizLoopApp.swift */; };
		1A0000010000000000000002 /* AppView.swift in Sources */ = {isa = PBXBuildFile; fileRef = 1A0000010000000000001002 /* AppView.swift */; };
		1A0000010000000000000003 /* LearningModels.swift in Sources */ = {isa = PBXBuildFile; fileRef = 1A0000010000000000001003 /* LearningModels.swift */; };
		1A0000010000000000000004 /* TutorEngine.swift in Sources */ = {isa = PBXBuildFile; fileRef = 1A0000010000000000001004 /* TutorEngine.swift */; };
		1A0000010000000000000005 /* SpeechService.swift in Sources */ = {isa = PBXBuildFile; fileRef = 1A0000010000000000001005 /* SpeechService.swift */; };
		1A0000010000000000000009 /* QuizLoopTheme.swift in Sources */ = {isa = PBXBuildFile; fileRef = 1A0000010000000000001009 /* QuizLoopTheme.swift */; };
		1A0000010000000000000010 /* ConversationStore.swift in Sources */ = {isa = PBXBuildFile; fileRef = 1A0000010000000000001011 /* ConversationStore.swift */; };
		1A0000010000000000000011 /* AskView.swift in Sources */ = {isa = PBXBuildFile; fileRef = 1A0000010000000000001012 /* AskView.swift */; };
		1A0000010000000000000012 /* MemoryView.swift in Sources */ = {isa = PBXBuildFile; fileRef = 1A0000010000000000001013 /* MemoryView.swift */; };
		1A0000010000000000000013 /* SettingsView.swift in Sources */ = {isa = PBXBuildFile; fileRef = 1A0000010000000000001014 /* SettingsView.swift */; };
		1A0000010000000000000014 /* SharedComponents.swift in Sources */ = {isa = PBXBuildFile; fileRef = 1A0000010000000000001015 /* SharedComponents.swift */; };
		1A0000010000000000000015 /* GemmaService.swift in Sources */ = {isa = PBXBuildFile; fileRef = 1A0000010000000000001016 /* GemmaService.swift */; };
		1A0000010000000000000016 /* LearningFrameworkObjects.swift in Sources */ = {isa = PBXBuildFile; fileRef = 1A0000010000000000001017 /* LearningFrameworkObjects.swift */; };
		1A0000010000000000000017 /* LearningFrameworkAPIs.swift in Sources */ = {isa = PBXBuildFile; fileRef = 1A0000010000000000001018 /* LearningFrameworkAPIs.swift */; };
		1A0000010000000000000018 /* QuizzesView.swift in Sources */ = {isa = PBXBuildFile; fileRef = 1A0000010000000000001019 /* QuizzesView.swift */; };
		1A0000010000000000000019 /* Assets.xcassets in Resources */ = {isa = PBXBuildFile; fileRef = 1A0000010000000000001020 /* Assets.xcassets */; };
		5D5A21C7505EFB6718F640F8 /* Pods_QuizLoop.framework in Frameworks */ = {isa = PBXBuildFile; fileRef = 3E8E47DD66BA4F4D0CC281F7 /* Pods_QuizLoop.framework */; };
		2C0000010000000000000001 /* LiteRTLMSwift in Frameworks */ = {isa = PBXBuildFile; productRef = 2C0000010000000000009002 /* LiteRTLMSwift */; };
/* End PBXBuildFile section */

/* Begin PBXFileReference section */
		02F56EF439B3C7E130468C39 /* Pods-QuizLoop.release.xcconfig */ = {isa = PBXFileReference; includeInIndex = 1; lastKnownFileType = text.xcconfig; name = "Pods-QuizLoop.release.xcconfig"; path = "Target Support Files/Pods-QuizLoop/Pods-QuizLoop.release.xcconfig"; sourceTree = "<group>"; };
		1A0000010000000000001000 /* QuizLoop.app */ = {isa = PBXFileReference; explicitFileType = wrapper.application; includeInIndex = 0; path = QuizLoop.app; sourceTree = BUILT_PRODUCTS_DIR; };
		1A0000010000000000001001 /* QuizLoopApp.swift */ = {isa = PBXFileReference; lastKnownFileType = sourcecode.swift; path = QuizLoopApp.swift; sourceTree = "<group>"; };
		1A0000010000000000001002 /* AppView.swift */ = {isa = PBXFileReference; lastKnownFileType = sourcecode.swift; path = AppView.swift; sourceTree = "<group>"; };
		1A0000010000000000001003 /* LearningModels.swift */ = {isa = PBXFileReference; lastKnownFileType = sourcecode.swift; path = LearningModels.swift; sourceTree = "<group>"; };
		1A0000010000000000001004 /* TutorEngine.swift */ = {isa = PBXFileReference; lastKnownFileType = sourcecode.swift; path = TutorEngine.swift; sourceTree = "<group>"; };
		1A0000010000000000001005 /* SpeechService.swift */ = {isa = PBXFileReference; lastKnownFileType = sourcecode.swift; path = SpeechService.swift; sourceTree = "<group>"; };
		1A0000010000000000001009 /* QuizLoopTheme.swift */ = {isa = PBXFileReference; lastKnownFileType = sourcecode.swift; path = QuizLoopTheme.swift; sourceTree = "<group>"; };
		1A0000010000000000001010 /* Info.plist */ = {isa = PBXFileReference; lastKnownFileType = text.plist.xml; path = Info.plist; sourceTree = "<group>"; };
		1A0000010000000000001011 /* ConversationStore.swift */ = {isa = PBXFileReference; lastKnownFileType = sourcecode.swift; path = ConversationStore.swift; sourceTree = "<group>"; };
		1A0000010000000000001012 /* AskView.swift */ = {isa = PBXFileReference; lastKnownFileType = sourcecode.swift; path = AskView.swift; sourceTree = "<group>"; };
		1A0000010000000000001013 /* MemoryView.swift */ = {isa = PBXFileReference; lastKnownFileType = sourcecode.swift; path = MemoryView.swift; sourceTree = "<group>"; };
		1A0000010000000000001014 /* SettingsView.swift */ = {isa = PBXFileReference; lastKnownFileType = sourcecode.swift; path = SettingsView.swift; sourceTree = "<group>"; };
		1A0000010000000000001015 /* SharedComponents.swift */ = {isa = PBXFileReference; lastKnownFileType = sourcecode.swift; path = SharedComponents.swift; sourceTree = "<group>"; };
		1A0000010000000000001016 /* GemmaService.swift */ = {isa = PBXFileReference; lastKnownFileType = sourcecode.swift; path = GemmaService.swift; sourceTree = "<group>"; };
		1A0000010000000000001017 /* LearningFrameworkObjects.swift */ = {isa = PBXFileReference; lastKnownFileType = sourcecode.swift; path = LearningFrameworkObjects.swift; sourceTree = "<group>"; };
		1A0000010000000000001018 /* LearningFrameworkAPIs.swift */ = {isa = PBXFileReference; lastKnownFileType = sourcecode.swift; path = LearningFrameworkAPIs.swift; sourceTree = "<group>"; };
		1A0000010000000000001019 /* QuizzesView.swift */ = {isa = PBXFileReference; lastKnownFileType = sourcecode.swift; path = QuizzesView.swift; sourceTree = "<group>"; };
		1A0000010000000000001020 /* Assets.xcassets */ = {isa = PBXFileReference; lastKnownFileType = folder.assetcatalog; path = Assets.xcassets; sourceTree = "<group>"; };
		1FFF1C0494A98CFCDBFC0E4B /* Pods-QuizLoop.debug.xcconfig */ = {isa = PBXFileReference; includeInIndex = 1; lastKnownFileType = text.xcconfig; name = "Pods-QuizLoop.debug.xcconfig"; path = "Target Support Files/Pods-QuizLoop/Pods-QuizLoop.debug.xcconfig"; sourceTree = "<group>"; };
		3E8E47DD66BA4F4D0CC281F7 /* Pods_QuizLoop.framework */ = {isa = PBXFileReference; explicitFileType = wrapper.framework; includeInIndex = 0; path = Pods_QuizLoop.framework; sourceTree = BUILT_PRODUCTS_DIR; };
/* End PBXFileReference section */

/* Begin PBXFrameworksBuildPhase section */
		1A0000010000000000002001 /* Frameworks */ = {
			isa = PBXFrameworksBuildPhase;
			buildActionMask = 2147483647;
			files = (
				5D5A21C7505EFB6718F640F8 /* Pods_QuizLoop.framework in Frameworks */,
				2C0000010000000000000001 /* LiteRTLMSwift in Frameworks */,
			);
			runOnlyForDeploymentPostprocessing = 0;
		};
/* End PBXFrameworksBuildPhase section */

/* Begin PBXGroup section */
		170C65C417D691E50B56FED9 /* Frameworks */ = {
			isa = PBXGroup;
			children = (
				3E8E47DD66BA4F4D0CC281F7 /* Pods_QuizLoop.framework */,
			);
			name = Frameworks;
			sourceTree = "<group>";
		};
		1A0000010000000000003001 = {
			isa = PBXGroup;
			children = (
				1A0000010000000000003002 /* QuizLoop */,
				1A0000010000000000003003 /* Products */,
				EDBE299E3936E77912630669 /* Pods */,
				170C65C417D691E50B56FED9 /* Frameworks */,
			);
			sourceTree = "<group>";
		};
		1A0000010000000000003002 /* QuizLoop */ = {
			isa = PBXGroup;
			children = (
				1A0000010000000000001001 /* QuizLoopApp.swift */,
				1A0000010000000000001002 /* AppView.swift */,
				1A0000010000000000003010 /* Views */,
				1A0000010000000000003004 /* Models */,
				1A0000010000000000003005 /* Services */,
				1A0000010000000000003009 /* Resources */,
				1A0000010000000000001020 /* Assets.xcassets */,
				1A0000010000000000001010 /* Info.plist */,
			);
			name = QuizLoop;
			sourceTree = "<group>";
		};
		1A0000010000000000003003 /* Products */ = {
			isa = PBXGroup;
			children = (
				1A0000010000000000001000 /* QuizLoop.app */,
			);
			name = Products;
			sourceTree = "<group>";
		};
		1A0000010000000000003004 /* Models */ = {
			isa = PBXGroup;
			children = (
				1A0000010000000000001003 /* LearningModels.swift */,
				1A0000010000000000001017 /* LearningFrameworkObjects.swift */,
			);
			path = Models;
			sourceTree = "<group>";
		};
		1A0000010000000000003005 /* Services */ = {
			isa = PBXGroup;
			children = (
				1A0000010000000000001004 /* TutorEngine.swift */,
				1A0000010000000000001016 /* GemmaService.swift */,
				1A0000010000000000001018 /* LearningFrameworkAPIs.swift */,
				1A0000010000000000001005 /* SpeechService.swift */,
				1A0000010000000000001011 /* ConversationStore.swift */,
			);
			path = Services;
			sourceTree = "<group>";
		};
		1A0000010000000000003009 /* Resources */ = {
			isa = PBXGroup;
			children = (
				1A0000010000000000001009 /* QuizLoopTheme.swift */,
			);
			path = Resources;
			sourceTree = "<group>";
		};
		1A0000010000000000003010 /* Views */ = {
			isa = PBXGroup;
			children = (
				1A0000010000000000001012 /* AskView.swift */,
				1A0000010000000000001013 /* MemoryView.swift */,
				1A0000010000000000001019 /* QuizzesView.swift */,
				1A0000010000000000001014 /* SettingsView.swift */,
				1A0000010000000000001015 /* SharedComponents.swift */,
			);
			path = Views;
			sourceTree = "<group>";
		};
		EDBE299E3936E77912630669 /* Pods */ = {
			isa = PBXGroup;
			children = (
				1FFF1C0494A98CFCDBFC0E4B /* Pods-QuizLoop.debug.xcconfig */,
				02F56EF439B3C7E130468C39 /* Pods-QuizLoop.release.xcconfig */,
			);
			name = Pods;
			path = Pods;
			sourceTree = "<group>";
		};
/* End PBXGroup section */

/* Begin PBXNativeTarget section */
		1A0000010000000000004001 /* QuizLoop */ = {
			isa = PBXNativeTarget;
			buildConfigurationList = 1A0000010000000000007002 /* Build configuration list for PBXNativeTarget "QuizLoop" */;
			buildPhases = (
				F8FD4A51888A881021DC0464 /* [CP] Check Pods Manifest.lock */,
				1A0000010000000000002002 /* Sources */,
				1A0000010000000000002001 /* Frameworks */,
				1A0000010000000000002003 /* Resources */,
			);
			buildRules = (
			);
			dependencies = (
			);
			name = QuizLoop;
			packageProductDependencies = (
				2C0000010000000000009002 /* LiteRTLMSwift */,
			);
			productName = QuizLoop;
			productReference = 1A0000010000000000001000 /* QuizLoop.app */;
			productType = "com.apple.product-type.application";
		};
/* End PBXNativeTarget section */

/* Begin PBXProject section */
		1A0000010000000000005001 /* Project object */ = {
			isa = PBXProject;
			attributes = {
				BuildIndependentTargetsInParallel = 1;
				LastSwiftUpdateCheck = 1600;
				LastUpgradeCheck = 1600;
				TargetAttributes = {
					1A0000010000000000004001 = {
						CreatedOnToolsVersion = 16.0;
					};
				};
			};
			buildConfigurationList = 1A0000010000000000007001 /* Build configuration list for PBXProject "QuizLoop" */;
			compatibilityVersion = "Xcode 14.0";
			developmentRegion = en;
			hasScannedForEncodings = 0;
			knownRegions = (
				en,
				Base,
			);
			mainGroup = 1A0000010000000000003001;
			packageReferences = (
				2C0000010000000000009001 /* XCRemoteSwiftPackageReference "LiteRTLM-Swift" */,
			);
			productRefGroup = 1A0000010000000000003003 /* Products */;
			projectDirPath = "";
			projectRoot = "";
			targets = (
				1A0000010000000000004001 /* QuizLoop */,
			);
		};
/* End PBXProject section */

/* Begin PBXResourcesBuildPhase section */
		1A0000010000000000002003 /* Resources */ = {
			isa = PBXResourcesBuildPhase;
			buildActionMask = 2147483647;
			files = (
				1A0000010000000000000019 /* Assets.xcassets in Resources */,
			);
			runOnlyForDeploymentPostprocessing = 0;
		};
/* End PBXResourcesBuildPhase section */

/* Begin PBXShellScriptBuildPhase section */
		F8FD4A51888A881021DC0464 /* [CP] Check Pods Manifest.lock */ = {
			isa = PBXShellScriptBuildPhase;
			buildActionMask = 2147483647;
			files = (
			);
			inputFileListPaths = (
			);
			inputPaths = (
				"${PODS_PODFILE_DIR_PATH}/Podfile.lock",
				"${PODS_ROOT}/Manifest.lock",
			);
			name = "[CP] Check Pods Manifest.lock";
			outputFileListPaths = (
			);
			outputPaths = (
				"$(DERIVED_FILE_DIR)/Pods-QuizLoop-checkManifestLockResult.txt",
			);
			runOnlyForDeploymentPostprocessing = 0;
			shellPath = /bin/sh;
			shellScript = "diff \"${PODS_PODFILE_DIR_PATH}/Podfile.lock\" \"${PODS_ROOT}/Manifest.lock\" > /dev/null\nif [ $? != 0 ] ; then\n    # print error to STDERR\n    echo \"error: The sandbox is not in sync with the Podfile.lock. Run 'pod install' or update your CocoaPods installation.\" >&2\n    exit 1\nfi\n# This output is used by Xcode 'outputs' to avoid re-running this script phase.\necho \"SUCCESS\" > \"${SCRIPT_OUTPUT_FILE_0}\"\n";
			showEnvVarsInLog = 0;
		};
/* End PBXShellScriptBuildPhase section */

/* Begin PBXSourcesBuildPhase section */
		1A0000010000000000002002 /* Sources */ = {
			isa = PBXSourcesBuildPhase;
			buildActionMask = 2147483647;
			files = (
				1A0000010000000000000001 /* QuizLoopApp.swift in Sources */,
				1A0000010000000000000002 /* AppView.swift in Sources */,
				1A0000010000000000000003 /* LearningModels.swift in Sources */,
				1A0000010000000000000004 /* TutorEngine.swift in Sources */,
				1A0000010000000000000005 /* SpeechService.swift in Sources */,
				1A0000010000000000000009 /* QuizLoopTheme.swift in Sources */,
				1A0000010000000000000010 /* ConversationStore.swift in Sources */,
				1A0000010000000000000011 /* AskView.swift in Sources */,
				1A0000010000000000000012 /* MemoryView.swift in Sources */,
				1A0000010000000000000013 /* SettingsView.swift in Sources */,
				1A0000010000000000000014 /* SharedComponents.swift in Sources */,
				1A0000010000000000000015 /* GemmaService.swift in Sources */,
				1A0000010000000000000016 /* LearningFrameworkObjects.swift in Sources */,
				1A0000010000000000000017 /* LearningFrameworkAPIs.swift in Sources */,
				1A0000010000000000000018 /* QuizzesView.swift in Sources */,
			);
			runOnlyForDeploymentPostprocessing = 0;
		};
/* End PBXSourcesBuildPhase section */

/* Begin XCBuildConfiguration section */
		1A0000010000000000006001 /* Debug */ = {
			isa = XCBuildConfiguration;
			buildSettings = {
				ALWAYS_SEARCH_USER_PATHS = NO;
				CLANG_ANALYZER_NONNULL = YES;
				CLANG_ANALYZER_NUMBER_OBJECT_CONVERSION = YES_AGGRESSIVE;
				CLANG_CXX_LANGUAGE_STANDARD = "gnu++20";
				CLANG_ENABLE_MODULES = YES;
				CLANG_ENABLE_OBJC_ARC = YES;
				CLANG_ENABLE_OBJC_WEAK = YES;
				CLANG_WARN_BLOCK_CAPTURE_AUTORELEASING = YES;
				CLANG_WARN_BOOL_CONVERSION = YES;
				CLANG_WARN_COMMA = YES;
				CLANG_WARN_CONSTANT_CONVERSION = YES;
				CLANG_WARN_DEPRECATED_OBJC_IMPLEMENTATIONS = YES;
				CLANG_WARN_DIRECT_OBJC_ISA_USAGE = YES_ERROR;
				CLANG_WARN_DOCUMENTATION_COMMENTS = YES;
				CLANG_WARN_EMPTY_BODY = YES;
				CLANG_WARN_ENUM_CONVERSION = YES;
				CLANG_WARN_INFINITE_RECURSION = YES;
				CLANG_WARN_INT_CONVERSION = YES;
				CLANG_WARN_NON_LITERAL_NULL_CONVERSION = YES;
				CLANG_WARN_OBJC_IMPLICIT_RETAIN_SELF = YES;
				CLANG_WARN_OBJC_LITERAL_CONVERSION = YES;
				CLANG_WARN_OBJC_ROOT_CLASS = YES_ERROR;
				CLANG_WARN_QUOTED_INCLUDE_IN_FRAMEWORK_HEADER = YES;
				CLANG_WARN_RANGE_LOOP_ANALYSIS = YES;
				CLANG_WARN_STRICT_PROTOTYPES = YES;
				CLANG_WARN_SUSPICIOUS_MOVE = YES;
				CLANG_WARN_UNGUARDED_AVAILABILITY = YES_AGGRESSIVE;
				CLANG_WARN_UNREACHABLE_CODE = YES;
				CLANG_WARN__DUPLICATE_METHOD_MATCH = YES;
				COPY_PHASE_STRIP = NO;
				DEBUG_INFORMATION_FORMAT = dwarf;
				ENABLE_STRICT_OBJC_MSGSEND = YES;
				ENABLE_TESTABILITY = YES;
				ENABLE_USER_SCRIPT_SANDBOXING = YES;
				GCC_C_LANGUAGE_STANDARD = gnu17;
				GCC_DYNAMIC_NO_PIC = NO;
				GCC_NO_COMMON_BLOCKS = YES;
				GCC_OPTIMIZATION_LEVEL = 0;
				GCC_PREPROCESSOR_DEFINITIONS = (
					"DEBUG=1",
					"$(inherited)",
				);
				GCC_WARN_64_TO_32_BIT_CONVERSION = YES;
				GCC_WARN_ABOUT_RETURN_TYPE = YES_ERROR;
				GCC_WARN_UNDECLARED_SELECTOR = YES;
				GCC_WARN_UNINITIALIZED_AUTOS = YES_AGGRESSIVE;
				GCC_WARN_UNUSED_FUNCTION = YES;
				GCC_WARN_UNUSED_VARIABLE = YES;
				IPHONEOS_DEPLOYMENT_TARGET = 17.0;
				MTL_ENABLE_DEBUG_INFO = INCLUDE_SOURCE;
				MTL_FAST_MATH = YES;
				ONLY_ACTIVE_ARCH = YES;
				SDKROOT = iphoneos;
				SWIFT_ACTIVE_COMPILATION_CONDITIONS = DEBUG;
				SWIFT_OPTIMIZATION_LEVEL = "-Onone";
			};
			name = Debug;
		};
		1A0000010000000000006002 /* Release */ = {
			isa = XCBuildConfiguration;
			buildSettings = {
				ALWAYS_SEARCH_USER_PATHS = NO;
				CLANG_ANALYZER_NONNULL = YES;
				CLANG_ANALYZER_NUMBER_OBJECT_CONVERSION = YES_AGGRESSIVE;
				CLANG_CXX_LANGUAGE_STANDARD = "gnu++20";
				CLANG_ENABLE_MODULES = YES;
				CLANG_ENABLE_OBJC_ARC = YES;
				CLANG_ENABLE_OBJC_WEAK = YES;
				CLANG_WARN_BLOCK_CAPTURE_AUTORELEASING = YES;
				CLANG_WARN_BOOL_CONVERSION = YES;
				CLANG_WARN_COMMA = YES;
				CLANG_WARN_CONSTANT_CONVERSION = YES;
				CLANG_WARN_DEPRECATED_OBJC_IMPLEMENTATIONS = YES;
				CLANG_WARN_DIRECT_OBJC_ISA_USAGE = YES_ERROR;
				CLANG_WARN_DOCUMENTATION_COMMENTS = YES;
				CLANG_WARN_EMPTY_BODY = YES;
				CLANG_WARN_ENUM_CONVERSION = YES;
				CLANG_WARN_INFINITE_RECURSION = YES;
				CLANG_WARN_INT_CONVERSION = YES;
				CLANG_WARN_NON_LITERAL_NULL_CONVERSION = YES;
				CLANG_WARN_OBJC_IMPLICIT_RETAIN_SELF = YES;
				CLANG_WARN_OBJC_LITERAL_CONVERSION = YES;
				CLANG_WARN_OBJC_ROOT_CLASS = YES_ERROR;
				CLANG_WARN_QUOTED_INCLUDE_IN_FRAMEWORK_HEADER = YES;
				CLANG_WARN_RANGE_LOOP_ANALYSIS = YES;
				CLANG_WARN_STRICT_PROTOTYPES = YES;
				CLANG_WARN_SUSPICIOUS_MOVE = YES;
				CLANG_WARN_UNGUARDED_AVAILABILITY = YES_AGGRESSIVE;
				CLANG_WARN_UNREACHABLE_CODE = YES;
				CLANG_WARN__DUPLICATE_METHOD_MATCH = YES;
				COPY_PHASE_STRIP = NO;
				DEBUG_INFORMATION_FORMAT = "dwarf-with-dsym";
				ENABLE_NS_ASSERTIONS = NO;
				ENABLE_STRICT_OBJC_MSGSEND = YES;
				ENABLE_USER_SCRIPT_SANDBOXING = YES;
				GCC_C_LANGUAGE_STANDARD = gnu17;
				GCC_NO_COMMON_BLOCKS = YES;
				GCC_WARN_64_TO_32_BIT_CONVERSION = YES;
				GCC_WARN_ABOUT_RETURN_TYPE = YES_ERROR;
				GCC_WARN_UNDECLARED_SELECTOR = YES;
				GCC_WARN_UNINITIALIZED_AUTOS = YES_AGGRESSIVE;
				GCC_WARN_UNUSED_FUNCTION = YES;
				GCC_WARN_UNUSED_VARIABLE = YES;
				IPHONEOS_DEPLOYMENT_TARGET = 17.0;
				MTL_ENABLE_DEBUG_INFO = NO;
				MTL_FAST_MATH = YES;
				SDKROOT = iphoneos;
				SWIFT_COMPILATION_MODE = wholemodule;
				SWIFT_OPTIMIZATION_LEVEL = "-O";
				VALIDATE_PRODUCT = YES;
			};
			name = Release;
		};
		1A0000010000000000006003 /* Debug */ = {
			isa = XCBuildConfiguration;
			baseConfigurationReference = 1FFF1C0494A98CFCDBFC0E4B /* Pods-QuizLoop.debug.xcconfig */;
			buildSettings = {
				ASSETCATALOG_COMPILER_APPICON_NAME = AppIcon;
				CODE_SIGN_STYLE = Automatic;
				CURRENT_PROJECT_VERSION = 1;
				DEVELOPMENT_ASSET_PATHS = "";
				DEVELOPMENT_TEAM = Q2P8AZH876;
				GENERATE_INFOPLIST_FILE = NO;
				INFOPLIST_FILE = Info.plist;
				IPHONEOS_DEPLOYMENT_TARGET = 17.0;
				LD_RUNPATH_SEARCH_PATHS = (
					"$(inherited)",
					"@executable_path/Frameworks",
				);
				MARKETING_VERSION = 1.0;
				PRODUCT_BUNDLE_IDENTIFIER = com.suryapolina.quizloop;
				PRODUCT_NAME = "$(TARGET_NAME)";
				SWIFT_EMIT_LOC_STRINGS = YES;
				SWIFT_VERSION = 5.0;
				TARGETED_DEVICE_FAMILY = "1,2";
			};
			name = Debug;
		};
		1A0000010000000000006004 /* Release */ = {
			isa = XCBuildConfiguration;
			baseConfigurationReference = 02F56EF439B3C7E130468C39 /* Pods-QuizLoop.release.xcconfig */;
			buildSettings = {
				ASSETCATALOG_COMPILER_APPICON_NAME = AppIcon;
				CODE_SIGN_STYLE = Automatic;
				CURRENT_PROJECT_VERSION = 1;
				DEVELOPMENT_ASSET_PATHS = "";
				DEVELOPMENT_TEAM = Q2P8AZH876;
				GENERATE_INFOPLIST_FILE = NO;
				INFOPLIST_FILE = Info.plist;
				IPHONEOS_DEPLOYMENT_TARGET = 17.0;
				LD_RUNPATH_SEARCH_PATHS = (
					"$(inherited)",
					"@executable_path/Frameworks",
				);
				MARKETING_VERSION = 1.0;
				PRODUCT_BUNDLE_IDENTIFIER = com.suryapolina.quizloop;
				PRODUCT_NAME = "$(TARGET_NAME)";
				SWIFT_EMIT_LOC_STRINGS = YES;
				SWIFT_VERSION = 5.0;
				TARGETED_DEVICE_FAMILY = "1,2";
			};
			name = Release;
		};
/* End XCBuildConfiguration section */

/* Begin XCConfigurationList section */
		1A0000010000000000007001 /* Build configuration list for PBXProject "QuizLoop" */ = {
			isa = XCConfigurationList;
			buildConfigurations = (
				1A0000010000000000006001 /* Debug */,
				1A0000010000000000006002 /* Release */,
			);
			defaultConfigurationIsVisible = 0;
			defaultConfigurationName = Release;
		};
		1A0000010000000000007002 /* Build configuration list for PBXNativeTarget "QuizLoop" */ = {
			isa = XCConfigurationList;
			buildConfigurations = (
				1A0000010000000000006003 /* Debug */,
				1A0000010000000000006004 /* Release */,
			);
			defaultConfigurationIsVisible = 0;
			defaultConfigurationName = Release;
		};
/* End XCConfigurationList section */

/* Begin XCRemoteSwiftPackageReference section */
		2C0000010000000000009001 /* XCRemoteSwiftPackageReference "LiteRTLM-Swift" */ = {
			isa = XCRemoteSwiftPackageReference;
			repositoryURL = "https://github.com/mylovelycodes/LiteRTLM-Swift";
			requirement = {
				branch = main;
				kind = branch;
			};
		};
/* End XCRemoteSwiftPackageReference section */

/* Begin XCSwiftPackageProductDependency section */
		2C0000010000000000009002 /* LiteRTLMSwift */ = {
			isa = XCSwiftPackageProductDependency;
			package = 2C0000010000000000009001 /* XCRemoteSwiftPackageReference "LiteRTLM-Swift" */;
			productName = LiteRTLMSwift;
		};
/* End XCSwiftPackageProductDependency section */
	};
	rootObject = 1A0000010000000000005001 /* Project object */;
}
